// !$*UTF8*$!
{
	archiveVersion = 1;
	classes = {
	};
	objectVersion = 50;
	objects = {

/* Begin PBXBuildFile section */
		7F6D4EAD266F07630092012D /* HomeTableViewCell.swift in Sources */ = {isa = PBXBuildFile; fileRef = 7F6D4EAB266F07630092012D /* HomeTableViewCell.swift */; };
		7F6D4EAE266F07630092012D /* HomeTableViewCell.xib in Resources */ = {isa = PBXBuildFile; fileRef = 7F6D4EAC266F07630092012D /* HomeTableViewCell.xib */; };
		7F8D0ADE2667882900F4B055 /* AppDelegate.swift in Sources */ = {isa = PBXBuildFile; fileRef = 7F8D0ADD2667882900F4B055 /* AppDelegate.swift */; };
		7F8D0AE02667882900F4B055 /* SceneDelegate.swift in Sources */ = {isa = PBXBuildFile; fileRef = 7F8D0ADF2667882900F4B055 /* SceneDelegate.swift */; };
		7F8D0AE22667882900F4B055 /* HomeViewController.swift in Sources */ = {isa = PBXBuildFile; fileRef = 7F8D0AE12667882900F4B055 /* HomeViewController.swift */; };
		7F8D0AE52667882900F4B055 /* Main.storyboard in Resources */ = {isa = PBXBuildFile; fileRef = 7F8D0AE32667882900F4B055 /* Main.storyboard */; };
		7F8D0AE72667882C00F4B055 /* Assets.xcassets in Resources */ = {isa = PBXBuildFile; fileRef = 7F8D0AE62667882C00F4B055 /* Assets.xcassets */; };
		7F8D0AEA2667882C00F4B055 /* LaunchScreen.storyboard in Resources */ = {isa = PBXBuildFile; fileRef = 7F8D0AE82667882C00F4B055 /* LaunchScreen.storyboard */; };
		7F8DFE332668D0330044594A /* BucketList.swift in Sources */ = {isa = PBXBuildFile; fileRef = 7F8DFE322668D0330044594A /* BucketList.swift */; };
		7F8DFE3D2668D28C0044594A /* DetailViewController.swift in Sources */ = {isa = PBXBuildFile; fileRef = 7F8DFE3B2668D28C0044594A /* DetailViewController.swift */; };
		7F8DFE3E2668D28C0044594A /* DetailViewController.xib in Resources */ = {isa = PBXBuildFile; fileRef = 7F8DFE3C2668D28C0044594A /* DetailViewController.xib */; };
		7F8DFE462668D5850044594A /* Date_Ext.swift in Sources */ = {isa = PBXBuildFile; fileRef = 7F8DFE452668D5850044594A /* Date_Ext.swift */; };
		7F8DFE492668D58E0044594A /* View_Ext.swift in Sources */ = {isa = PBXBuildFile; fileRef = 7F8DFE482668D58E0044594A /* View_Ext.swift */; };
/* End PBXBuildFile section */

/* Begin PBXFileReference section */
		7F6D4EAB266F07630092012D /* HomeTableViewCell.swift */ = {isa = PBXFileReference; lastKnownFileType = sourcecode.swift; path = HomeTableViewCell.swift; sourceTree = "<group>"; };
		7F6D4EAC266F07630092012D /* HomeTableViewCell.xib */ = {isa = PBXFileReference; lastKnownFileType = file.xib; path = HomeTableViewCell.xib; sourceTree = "<group>"; };
		7F8D0ADA2667882900F4B055 /* MVC.app */ = {isa = PBXFileReference; explicitFileType = wrapper.application; includeInIndex = 0; path = MVC.app; sourceTree = BUILT_PRODUCTS_DIR; };
		7F8D0ADD2667882900F4B055 /* AppDelegate.swift */ = {isa = PBXFileReference; lastKnownFileType = sourcecode.swift; path = AppDelegate.swift; sourceTree = "<group>"; };
		7F8D0ADF2667882900F4B055 /* SceneDelegate.swift */ = {isa = PBXFileReference; lastKnownFileType = sourcecode.swift; path = SceneDelegate.swift; sourceTree = "<group>"; };
		7F8D0AE12667882900F4B055 /* HomeViewController.swift */ = {isa = PBXFileReference; lastKnownFileType = sourcecode.swift; path = HomeViewController.swift; sourceTree = "<group>"; };
		7F8D0AE42667882900F4B055 /* Base */ = {isa = PBXFileReference; lastKnownFileType = file.storyboard; name = Base; path = Base.lproj/Main.storyboard; sourceTree = "<group>"; };
		7F8D0AE62667882C00F4B055 /* Assets.xcassets */ = {isa = PBXFileReference; lastKnownFileType = folder.assetcatalog; path = Assets.xcassets; sourceTree = "<group>"; };
		7F8D0AE92667882C00F4B055 /* Base */ = {isa = PBXFileReference; lastKnownFileType = file.storyboard; name = Base; path = Base.lproj/LaunchScreen.storyboard; sourceTree = "<group>"; };
		7F8D0AEB2667882C00F4B055 /* Info.plist */ = {isa = PBXFileReference; lastKnownFileType = text.plist.xml; path = Info.plist; sourceTree = "<group>"; };
		7F8DFE322668D0330044594A /* BucketList.swift */ = {isa = PBXFileReference; lastKnownFileType = sourcecode.swift; path = BucketList.swift; sourceTree = "<group>"; };
		7F8DFE3B2668D28C0044594A /* DetailViewController.swift */ = {isa = PBXFileReference; lastKnownFileType = sourcecode.swift; path = DetailViewController.swift; sourceTree = "<group>"; };
		7F8DFE3C2668D28C0044594A /* DetailViewController.xib */ = {isa = PBXFileReference; lastKnownFileType = file.xib; path = DetailViewController.xib; sourceTree = "<group>"; };
		7F8DFE452668D5850044594A /* Date_Ext.swift */ = {isa = PBXFileReference; lastKnownFileType = sourcecode.swift; path = Date_Ext.swift; sourceTree = "<group>"; };
		7F8DFE482668D58E0044594A /* View_Ext.swift */ = {isa = PBXFileReference; lastKnownFileType = sourcecode.swift; path = View_Ext.swift; sourceTree = "<group>"; };
/* End PBXFileReference section */

/* Begin PBXFrameworksBuildPhase section */
		7F8D0AD72667882900F4B055 /* Frameworks */ = {
			isa = PBXFrameworksBuildPhase;
			buildActionMask = 2147483647;
			files = (
			);
			runOnlyForDeploymentPostprocessing = 0;
		};
/* End PBXFrameworksBuildPhase section */

/* Begin PBXGroup section */
		7F6D4EA7266F07350092012D /* View */ = {
			isa = PBXGroup;
			children = (
				7F6D4EA8266F07400092012D /* Home */,
			);
			path = View;
			sourceTree = "<group>";
		};
		7F6D4EA8266F07400092012D /* Home */ = {
			isa = PBXGroup;
			children = (
				7F6D4EAB266F07630092012D /* HomeTableViewCell.swift */,
				7F6D4EAC266F07630092012D /* HomeTableViewCell.xib */,
			);
			path = Home;
			sourceTree = "<group>";
		};
		7F8D0AD12667882900F4B055 = {
			isa = PBXGroup;
			children = (
				7F8D0ADC2667882900F4B055 /* MVC */,
				7F8D0ADB2667882900F4B055 /* Products */,
			);
			sourceTree = "<group>";
		};
		7F8D0ADB2667882900F4B055 /* Products */ = {
			isa = PBXGroup;
			children = (
				7F8D0ADA2667882900F4B055 /* MVC.app */,
			);
			name = Products;
			sourceTree = "<group>";
		};
		7F8D0ADC2667882900F4B055 /* MVC */ = {
			isa = PBXGroup;
			children = (
				7F8D0ADD2667882900F4B055 /* AppDelegate.swift */,
				7F8D0ADF2667882900F4B055 /* SceneDelegate.swift */,
				7F8DFE442668D5730044594A /* Extension */,
				7F8DFE372668D2720044594A /* Model */,
				7F8DFE392668D2770044594A /* Controller */,
				7F6D4EA7266F07350092012D /* View */,
				7F8D0AE32667882900F4B055 /* Main.storyboard */,
				7F8D0AE62667882C00F4B055 /* Assets.xcassets */,
				7F8D0AE82667882C00F4B055 /* LaunchScreen.storyboard */,
				7F8D0AEB2667882C00F4B055 /* Info.plist */,
			);
			path = MVC;
			sourceTree = "<group>";
		};
		7F8DFE372668D2720044594A /* Model */ = {
			isa = PBXGroup;
			children = (
				7F8DFE322668D0330044594A /* BucketList.swift */,
			);
			path = Model;
			sourceTree = "<group>";
		};
		7F8DFE392668D2770044594A /* Controller */ = {
			isa = PBXGroup;
			children = (
				7F8DFE402668D2900044594A /* Home */,
				7F8DFE412668D2920044594A /* Detail */,
			);
			path = Controller;
			sourceTree = "<group>";
		};
		7F8DFE402668D2900044594A /* Home */ = {
			isa = PBXGroup;
			children = (
				7F8D0AE12667882900F4B055 /* HomeViewController.swift */,
			);
			path = Home;
			sourceTree = "<group>";
		};
		7F8DFE412668D2920044594A /* Detail */ = {
			isa = PBXGroup;
			children = (
				7F8DFE3B2668D28C0044594A /* DetailViewController.swift */,
				7F8DFE3C2668D28C0044594A /* DetailViewController.xib */,
			);
			path = Detail;
			sourceTree = "<group>";
		};
		7F8DFE442668D5730044594A /* Extension */ = {
			isa = PBXGroup;
			children = (
				7F8DFE452668D5850044594A /* Date_Ext.swift */,
				7F8DFE482668D58E0044594A /* View_Ext.swift */,
			);
			path = Extension;
			sourceTree = "<group>";
		};
/* End PBXGroup section */

/* Begin PBXNativeTarget section */
		7F8D0AD92667882900F4B055 /* MVC */ = {
			isa = PBXNativeTarget;
			buildConfigurationList = 7F8D0AEE2667882C00F4B055 /* Build configuration list for PBXNativeTarget "MVC" */;
			buildPhases = (
				7F8D0AD62667882900F4B055 /* Sources */,
				7F8D0AD72667882900F4B055 /* Frameworks */,
				7F8D0AD82667882900F4B055 /* Resources */,
			);
			buildRules = (
			);
			dependencies = (
			);
			name = MVC;
			productName = MVC;
			productReference = 7F8D0ADA2667882900F4B055 /* MVC.app */;
			productType = "com.apple.product-type.application";
		};
/* End PBXNativeTarget section */

/* Begin PBXProject section */
		7F8D0AD22667882900F4B055 /* Project object */ = {
			isa = PBXProject;
			attributes = {
				LastSwiftUpdateCheck = 1240;
				LastUpgradeCheck = 1240;
				TargetAttributes = {
					7F8D0AD92667882900F4B055 = {
						CreatedOnToolsVersion = 12.4;
					};
				};
			};
			buildConfigurationList = 7F8D0AD52667882900F4B055 /* Build configuration list for PBXProject "MVC" */;
			compatibilityVersion = "Xcode 9.3";
			developmentRegion = en;
			hasScannedForEncodings = 0;
			knownRegions = (
				en,
				Base,
			);
			mainGroup = 7F8D0AD12667882900F4B055;
			productRefGroup = 7F8D0ADB2667882900F4B055 /* Products */;
			projectDirPath = "";
			projectRoot = "";
			targets = (
				7F8D0AD92667882900F4B055 /* MVC */,
			);
		};
/* End PBXProject section */

/* Begin PBXResourcesBuildPhase section */
		7F8D0AD82667882900F4B055 /* Resources */ = {
			isa = PBXResourcesBuildPhase;
			buildActionMask = 2147483647;
			files = (
				7F8D0AEA2667882C00F4B055 /* LaunchScreen.storyboard in Resources */,
				7F8D0AE72667882C00F4B055 /* Assets.xcassets in Resources */,
				7F8D0AE52667882900F4B055 /* Main.storyboard in Resources */,
				7F6D4EAE266F07630092012D /* HomeTableViewCell.xib in Resources */,
				7F8DFE3E2668D28C0044594A /* DetailViewController.xib in Resources */,
			);
			runOnlyForDeploymentPostprocessing = 0;
		};
/* End PBXResourcesBuildPhase section */

/* Begin PBXSourcesBuildPhase section */
		7F8D0AD62667882900F4B055 /* Sources */ = {
			isa = PBXSourcesBuildPhase;
			buildActionMask = 2147483647;
			files = (
				7F8D0AE22667882900F4B055 /* HomeViewController.swift in Sources */,
				7F8DFE462668D5850044594A /* Date_Ext.swift in Sources */,
				7F8D0ADE2667882900F4B055 /* AppDelegate.swift in Sources */,
				7F8DFE492668D58E0044594A /* View_Ext.swift in Sources */,
				7F8DFE3D2668D28C0044594A /* DetailViewController.swift in Sources */,
				7F8D0AE02667882900F4B055 /* SceneDelegate.swift in Sources */,
				7F6D4EAD266F07630092012D /* HomeTableViewCell.swift in Sources */,
				7F8DFE332668D0330044594A /* BucketList.swift in Sources */,
			);
			runOnlyForDeploymentPostprocessing = 0;
		};
/* End PBXSourcesBuildPhase section */

/* Begin PBXVariantGroup section */
		7F8D0AE32667882900F4B055 /* Main.storyboard */ = {
			isa = PBXVariantGroup;
			children = (
				7F8D0AE42667882900F4B055 /* Base */,
			);
			name = Main.storyboard;
			sourceTree = "<group>";
		};
		7F8D0AE82667882C00F4B055 /* LaunchScreen.storyboard */ = {
			isa = PBXVariantGroup;
			children = (
				7F8D0AE92667882C00F4B055 /* Base */,
			);
			name = LaunchScreen.storyboard;
			sourceTree = "<group>";
		};
/* End PBXVariantGroup section */

/* Begin XCBuildConfiguration section */
		7F8D0AEC2667882C00F4B055 /* Debug */ = {
			isa = XCBuildConfiguration;
			buildSettings = {
				ALWAYS_SEARCH_USER_PATHS = NO;
				CLANG_ANALYZER_NONNULL = YES;
				CLANG_ANALYZER_NUMBER_OBJECT_CONVERSION = YES_AGGRESSIVE;
				CLANG_CXX_LANGUAGE_STANDARD = "gnu++14";
				CLANG_CXX_LIBRARY = "libc++";
				CLANG_ENABLE_MODULES = YES;
				CLANG_ENABLE_OBJC_ARC = YES;
				CLANG_ENABLE_OBJC_WEAK = YES;
				CLANG_WARN_BLOCK_CAPTURE_AUTORELEASING = YES;
				CLANG_WARN_BOOL_CONVERSION = YES;
				CLANG_WARN_COMMA = YES;
				CLANG_WARN_CONSTANT_CONVERSION = YES;
				CLANG_WARN_DEPRECATED_OBJC_IMPLEMENTATIONS = YES;
				CLANG_WARN_DIRECT_OBJC_ISA_USAGE = YES_ERROR;
				CLANG_WARN_DOCUMENTATION_COMMENTS = YES;
				CLANG_WARN_EMPTY_BODY = YES;
				CLANG_WARN_ENUM_CONVERSION = YES;
				CLANG_WARN_INFINITE_RECURSION = YES;
				CLANG_WARN_INT_CONVERSION = YES;
				CLANG_WARN_NON_LITERAL_NULL_CONVERSION = YES;
				CLANG_WARN_OBJC_IMPLICIT_RETAIN_SELF = YES;
				CLANG_WARN_OBJC_LITERAL_CONVERSION = YES;
				CLANG_WARN_OBJC_ROOT_CLASS = YES_ERROR;
				CLANG_WARN_QUOTED_INCLUDE_IN_FRAMEWORK_HEADER = YES;
				CLANG_WARN_RANGE_LOOP_ANALYSIS = YES;
				CLANG_WARN_STRICT_PROTOTYPES = YES;
				CLANG_WARN_SUSPICIOUS_MOVE = YES;
				CLANG_WARN_UNGUARDED_AVAILABILITY = YES_AGGRESSIVE;
				CLANG_WARN_UNREACHABLE_CODE = YES;
				CLANG_WARN__DUPLICATE_METHOD_MATCH = YES;
				COPY_PHASE_STRIP = NO;
				DEBUG_INFORMATION_FORMAT = dwarf;
				ENABLE_STRICT_OBJC_MSGSEND = YES;
				ENABLE_TESTABILITY = YES;
				GCC_C_LANGUAGE_STANDARD = gnu11;
				GCC_DYNAMIC_NO_PIC = NO;
				GCC_NO_COMMON_BLOCKS = YES;
				GCC_OPTIMIZATION_LEVEL = 0;
				GCC_PREPROCESSOR_DEFINITIONS = (
					"DEBUG=1",
					"$(inherited)",
				);
				GCC_WARN_64_TO_32_BIT_CONVERSION = YES;
				GCC_WARN_ABOUT_RETURN_TYPE = YES_ERROR;
				GCC_WARN_UNDECLARED_SELECTOR = YES;
				GCC_WARN_UNINITIALIZED_AUTOS = YES_AGGRESSIVE;
				GCC_WARN_UNUSED_FUNCTION = YES;
				GCC_WARN_UNUSED_VARIABLE = YES;
				IPHONEOS_DEPLOYMENT_TARGET = 14.4;
				MTL_ENABLE_DEBUG_INFO = INCLUDE_SOURCE;
				MTL_FAST_MATH = YES;
				ONLY_ACTIVE_ARCH = YES;
				SDKROOT = iphoneos;
				SWIFT_ACTIVE_COMPILATION_CONDITIONS = DEBUG;
				SWIFT_OPTIMIZATION_LEVEL = "-Onone";
			};
			name = Debug;
		};
		7F8D0AED2667882C00F4B055 /* Release */ = {
			isa = XCBuildConfiguration;
			buildSettings = {
				ALWAYS_SEARCH_USER_PATHS = NO;
				CLANG_ANALYZER_NONNULL = YES;
				CLANG_ANALYZER_NUMBER_OBJECT_CONVERSION = YES_AGGRESSIVE;
				CLANG_CXX_LANGUAGE_STANDARD = "gnu++14";
				CLANG_CXX_LIBRARY = "libc++";
				CLANG_ENABLE_MODULES = YES;
				CLANG_ENABLE_OBJC_ARC = YES;
				CLANG_ENABLE_OBJC_WEAK = YES;
				CLANG_WARN_BLOCK_CAPTURE_AUTORELEASING = YES;
				CLANG_WARN_BOOL_CONVERSION = YES;
				CLANG_WARN_COMMA = YES;
				CLANG_WARN_CONSTANT_CONVERSION = YES;
				CLANG_WARN_DEPRECATED_OBJC_IMPLEMENTATIONS = YES;
				CLANG_WARN_DIRECT_OBJC_ISA_USAGE = YES_ERROR;
				CLANG_WARN_DOCUMENTATION_COMMENTS = YES;
				CLANG_WARN_EMPTY_BODY = YES;
				CLANG_WARN_ENUM_CONVERSION = YES;
				CLANG_WARN_INFINITE_RECURSION = YES;
				CLANG_WARN_INT_CONVERSION = YES;
				CLANG_WARN_NON_LITERAL_NULL_CONVERSION = YES;
				CLANG_WARN_OBJC_IMPLICIT_RETAIN_SELF = YES;
				CLANG_WARN_OBJC_LITERAL_CONVERSION = YES;
				CLANG_WARN_OBJC_ROOT_CLASS = YES_ERROR;
				CLANG_WARN_QUOTED_INCLUDE_IN_FRAMEWORK_HEADER = YES;
				CLANG_WARN_RANGE_LOOP_ANALYSIS = YES;
				CLANG_WARN_STRICT_PROTOTYPES = YES;
				CLANG_WARN_SUSPICIOUS_MOVE = YES;
				CLANG_WARN_UNGUARDED_AVAILABILITY = YES_AGGRESSIVE;
				CLANG_WARN_UNREACHABLE_CODE = YES;
				CLANG_WARN__DUPLICATE_METHOD_MATCH = YES;
				COPY_PHASE_STRIP = NO;
				DEBUG_INFORMATION_FORMAT = "dwarf-with-dsym";
				ENABLE_NS_ASSERTIONS = NO;
				ENABLE_STRICT_OBJC_MSGSEND = YES;
				GCC_C_LANGUAGE_STANDARD = gnu11;
				GCC_NO_COMMON_BLOCKS = YES;
				GCC_WARN_64_TO_32_BIT_CONVERSION = YES;
				GCC_WARN_ABOUT_RETURN_TYPE = YES_ERROR;
				GCC_WARN_UNDECLARED_SELECTOR = YES;
				GCC_WARN_UNINITIALIZED_AUTOS = YES_AGGRESSIVE;
				GCC_WARN_UNUSED_FUNCTION = YES;
				GCC_WARN_UNUSED_VARIABLE = YES;
				IPHONEOS_DEPLOYMENT_TARGET = 14.4;
				MTL_ENABLE_DEBUG_INFO = NO;
				MTL_FAST_MATH = YES;
				SDKROOT = iphoneos;
				SWIFT_COMPILATION_MODE = wholemodule;
				SWIFT_OPTIMIZATION_LEVEL = "-O";
				VALIDATE_PRODUCT = YES;
			};
			name = Release;
		};
		7F8D0AEF2667882C00F4B055 /* Debug */ = {
			isa = XCBuildConfiguration;
			buildSettings = {
				ASSETCATALOG_COMPILER_APPICON_NAME = AppIcon;
				ASSETCATALOG_COMPILER_GLOBAL_ACCENT_COLOR_NAME = AccentColor;
				CODE_SIGN_STYLE = Automatic;
				DEVELOPMENT_TEAM = M7UE9XQX9P;
				INFOPLIST_FILE = MVC/Info.plist;
				LD_RUNPATH_SEARCH_PATHS = (
					"$(inherited)",
					"@executable_path/Frameworks",
				);
				PRODUCT_BUNDLE_IDENTIFIER = com.daddycoding.MVC;
				PRODUCT_NAME = "$(TARGET_NAME)";
				SWIFT_VERSION = 5.0;
				TARGETED_DEVICE_FAMILY = "1,2";
			};
			name = Debug;
		};
		7F8D0AF02667882C00F4B055 /* Release */ = {
			isa = XCBuildConfiguration;
			buildSettings = {
				ASSETCATALOG_COMPILER_APPICON_NAME = AppIcon;
				ASSETCATALOG_COMPILER_GLOBAL_ACCENT_COLOR_NAME = AccentColor;
				CODE_SIGN_STYLE = Automatic;
				DEVELOPMENT_TEAM = M7UE9XQX9P;
				INFOPLIST_FILE = MVC/Info.plist;
				LD_RUNPATH_SEARCH_PATHS = (
					"$(inherited)",
					"@executable_path/Frameworks",
				);
				PRODUCT_BUNDLE_IDENTIFIER = com.daddycoding.MVC;
				PRODUCT_NAME = "$(TARGET_NAME)";
				SWIFT_VERSION = 5.0;
				TARGETED_DEVICE_FAMILY = "1,2";
			};
			name = Release;
		};
/* End XCBuildConfiguration section */

/* Begin XCConfigurationList section */
		7F8D0AD52667882900F4B055 /* Build configuration list for PBXProject "MVC" */ = {
			isa = XCConfigurationList;
			buildConfigurations = (
				7F8D0AEC2667882C00F4B055 /* Debug */,
				7F8D0AED2667882C00F4B055 /* Release */,
			);
			defaultConfigurationIsVisible = 0;
			defaultConfigurationName = Release;
		};
		7F8D0AEE2667882C00F4B055 /* Build configuration list for PBXNativeTarget "MVC" */ = {
			isa = XCConfigurationList;
			buildConfigurations = (
				7F8D0AEF2667882C00F4B055 /* Debug */,
				7F8D0AF02667882C00F4B055 /* Release */,
			);
			defaultConfigurationIsVisible = 0;
			defaultConfigurationName = Release;
		};
/* End XCConfigurationList section */
	};
	rootObject = 7F8D0AD22667882900F4B055 /* Project object */;
}
